// !$*UTF8*$!
{
	archiveVersion = 1;
	classes = {
	};
	objectVersion = 46;
	objects = {

/* Begin PBXBuildFile section */
		42EAEAD619C9EBF600C2AEEC /* main.m in Sources */ = {isa = PBXBuildFile; fileRef = 42EAEAD519C9EBF600C2AEEC /* main.m */; };
		42EAEAD919C9EBF600C2AEEC /* AppDelegate.m in Sources */ = {isa = PBXBuildFile; fileRef = 42EAEAD819C9EBF600C2AEEC /* AppDelegate.m */; };
		42EAEADC19C9EBF600C2AEEC /* DynamicContentCollectionViewController.m in Sources */ = {isa = PBXBuildFile; fileRef = 42EAEADB19C9EBF600C2AEEC /* DynamicContentCollectionViewController.m */; };
		42EAEADF19C9EBF600C2AEEC /* Main.storyboard in Resources */ = {isa = PBXBuildFile; fileRef = 42EAEADD19C9EBF600C2AEEC /* Main.storyboard */; };
		42EAEAE119C9EBF600C2AEEC /* Images.xcassets in Resources */ = {isa = PBXBuildFile; fileRef = 42EAEAE019C9EBF600C2AEEC /* Images.xcassets */; };
		42EAEAE419C9EBF600C2AEEC /* LaunchScreen.xib in Resources */ = {isa = PBXBuildFile; fileRef = 42EAEAE219C9EBF600C2AEEC /* LaunchScreen.xib */; };
		42EAEAF019C9EBF600C2AEEC /* SelfSizingCollectionViewCellsTests.m in Sources */ = {isa = PBXBuildFile; fileRef = 42EAEAEF19C9EBF600C2AEEC /* SelfSizingCollectionViewCellsTests.m */; };
		42EAEAFE19C9F96A00C2AEEC /* CollectionViewCell.m in Sources */ = {isa = PBXBuildFile; fileRef = 42EAEAFD19C9F96A00C2AEEC /* CollectionViewCell.m */; };
		46F017D21C7386500094204D /* SimpleCell.swift in Sources */ = {isa = PBXBuildFile; fileRef = 46F017D11C7386500094204D /* SimpleCell.swift */; };
		46F017D41C7388650094204D /* HomeTableViewController.swift in Sources */ = {isa = PBXBuildFile; fileRef = 46F017D31C7388650094204D /* HomeTableViewController.swift */; };
		46F017D61C738AE20094204D /* CollectionViewController.swift in Sources */ = {isa = PBXBuildFile; fileRef = 46F017D51C738AE20094204D /* CollectionViewController.swift */; };
		46F017DE1C73A9E10094204D /* RandomStringGenerator.m in Sources */ = {isa = PBXBuildFile; fileRef = 46F017DD1C73A9E10094204D /* RandomStringGenerator.m */; };
/* End PBXBuildFile section */

/* Begin PBXContainerItemProxy section */
		42EAEAEA19C9EBF600C2AEEC /* PBXContainerItemProxy */ = {
			isa = PBXContainerItemProxy;
			containerPortal = 42EAEAC819C9EBF600C2AEEC /* Project object */;
			proxyType = 1;
			remoteGlobalIDString = 42EAEACF19C9EBF600C2AEEC;
			remoteInfo = SelfSizingCollectionViewCells;
		};
/* End PBXContainerItemProxy section */

/* Begin PBXFileReference section */
		42EAEAD019C9EBF600C2AEEC /* SelfSizingCollectionViewCells.app */ = {isa = PBXFileReference; explicitFileType = wrapper.application; includeInIndex = 0; path = SelfSizingCollectionViewCells.app; sourceTree = BUILT_PRODUCTS_DIR; };
		42EAEAD419C9EBF600C2AEEC /* Info.plist */ = {isa = PBXFileReference; lastKnownFileType = text.plist.xml; path = Info.plist; sourceTree = "<group>"; };
		42EAEAD519C9EBF600C2AEEC /* main.m */ = {isa = PBXFileReference; lastKnownFileType = sourcecode.c.objc; path = main.m; sourceTree = "<group>"; };
		42EAEAD719C9EBF600C2AEEC /* AppDelegate.h */ = {isa = PBXFileReference; lastKnownFileType = sourcecode.c.h; path = AppDelegate.h; sourceTree = "<group>"; };
		42EAEAD819C9EBF600C2AEEC /* AppDelegate.m */ = {isa = PBXFileReference; lastKnownFileType = sourcecode.c.objc; path = AppDelegate.m; sourceTree = "<group>"; };
		42EAEADA19C9EBF600C2AEEC /* DynamicContentCollectionViewController.h */ = {isa = PBXFileReference; lastKnownFileType = sourcecode.c.h; path = DynamicContentCollectionViewController.h; sourceTree = "<group>"; };
		42EAEADB19C9EBF600C2AEEC /* DynamicContentCollectionViewController.m */ = {isa = PBXFileReference; lastKnownFileType = sourcecode.c.objc; path = DynamicContentCollectionViewController.m; sourceTree = "<group>"; };
		42EAEADE19C9EBF600C2AEEC /* Base */ = {isa = PBXFileReference; lastKnownFileType = file.storyboard; name = Base; path = Base.lproj/Main.storyboard; sourceTree = "<group>"; };
		42EAEAE019C9EBF600C2AEEC /* Images.xcassets */ = {isa = PBXFileReference; lastKnownFileType = folder.assetcatalog; path = Images.xcassets; sourceTree = "<group>"; };
		42EAEAE319C9EBF600C2AEEC /* Base */ = {isa = PBXFileReference; lastKnownFileType = file.xib; name = Base; path = Base.lproj/LaunchScreen.xib; sourceTree = "<group>"; };
		42EAEAE919C9EBF600C2AEEC /* SelfSizingCollectionViewCellsTests.xctest */ = {isa = PBXFileReference; explicitFileType = wrapper.cfbundle; includeInIndex = 0; path = SelfSizingCollectionViewCellsTests.xctest; sourceTree = BUILT_PRODUCTS_DIR; };
		42EAEAEE19C9EBF600C2AEEC /* Info.plist */ = {isa = PBXFileReference; lastKnownFileType = text.plist.xml; path = Info.plist; sourceTree = "<group>"; };
		42EAEAEF19C9EBF600C2AEEC /* SelfSizingCollectionViewCellsTests.m */ = {isa = PBXFileReference; lastKnownFileType = sourcecode.c.objc; path = SelfSizingCollectionViewCellsTests.m; sourceTree = "<group>"; };
		42EAEAFC19C9F96A00C2AEEC /* CollectionViewCell.h */ = {isa = PBXFileReference; fileEncoding = 4; lastKnownFileType = sourcecode.c.h; path = CollectionViewCell.h; sourceTree = "<group>"; };
		42EAEAFD19C9F96A00C2AEEC /* CollectionViewCell.m */ = {isa = PBXFileReference; fileEncoding = 4; lastKnownFileType = sourcecode.c.objc; path = CollectionViewCell.m; sourceTree = "<group>"; };
		46F017D01C7386500094204D /* SelfSizingCollectionViewCells-Bridging-Header.h */ = {isa = PBXFileReference; lastKnownFileType = sourcecode.c.h; path = "SelfSizingCollectionViewCells-Bridging-Header.h"; sourceTree = "<group>"; };
		46F017D11C7386500094204D /* SimpleCell.swift */ = {isa = PBXFileReference; fileEncoding = 4; lastKnownFileType = sourcecode.swift; path = SimpleCell.swift; sourceTree = "<group>"; };
		46F017D31C7388650094204D /* HomeTableViewController.swift */ = {isa = PBXFileReference; fileEncoding = 4; lastKnownFileType = sourcecode.swift; path = HomeTableViewController.swift; sourceTree = "<group>"; };
		46F017D51C738AE20094204D /* CollectionViewController.swift */ = {isa = PBXFileReference; fileEncoding = 4; lastKnownFileType = sourcecode.swift; path = CollectionViewController.swift; sourceTree = "<group>"; };
		46F017DC1C73A9E10094204D /* RandomStringGenerator.h */ = {isa = PBXFileReference; fileEncoding = 4; lastKnownFileType = sourcecode.c.h; path = RandomStringGenerator.h; sourceTree = "<group>"; };
		46F017DD1C73A9E10094204D /* RandomStringGenerator.m */ = {isa = PBXFileReference; fileEncoding = 4; lastKnownFileType = sourcecode.c.objc; path = RandomStringGenerator.m; sourceTree = "<group>"; };
		46F017DF1C73B8B80094204D /* README.md */ = {isa = PBXFileReference; lastKnownFileType = net.daringfireball.markdown; path = README.md; sourceTree = "<group>"; };
/* End PBXFileReference section */

/* Begin PBXFrameworksBuildPhase section */
		42EAEACD19C9EBF600C2AEEC /* Frameworks */ = {
			isa = PBXFrameworksBuildPhase;
			buildActionMask = 2147483647;
			files = (
			);
			runOnlyForDeploymentPostprocessing = 0;
		};
		42EAEAE619C9EBF600C2AEEC /* Frameworks */ = {
			isa = PBXFrameworksBuildPhase;
			buildActionMask = 2147483647;
			files = (
			);
			runOnlyForDeploymentPostprocessing = 0;
		};
/* End PBXFrameworksBuildPhase section */

/* Begin PBXGroup section */
		42EAEAC719C9EBF600C2AEEC = {
			isa = PBXGroup;
			children = (
				46F017DF1C73B8B80094204D /* README.md */,
				42EAEAD219C9EBF600C2AEEC /* SelfSizingCollectionViewCells */,
				42EAEAEC19C9EBF600C2AEEC /* SelfSizingCollectionViewCellsTests */,
				42EAEAD119C9EBF600C2AEEC /* Products */,
			);
			sourceTree = "<group>";
		};
		42EAEAD119C9EBF600C2AEEC /* Products */ = {
			isa = PBXGroup;
			children = (
				42EAEAD019C9EBF600C2AEEC /* SelfSizingCollectionViewCells.app */,
				42EAEAE919C9EBF600C2AEEC /* SelfSizingCollectionViewCellsTests.xctest */,
			);
			name = Products;
			sourceTree = "<group>";
		};
		42EAEAD219C9EBF600C2AEEC /* SelfSizingCollectionViewCells */ = {
			isa = PBXGroup;
			children = (
				42EAEAFC19C9F96A00C2AEEC /* CollectionViewCell.h */,
				42EAEAFD19C9F96A00C2AEEC /* CollectionViewCell.m */,
				42EAEADA19C9EBF600C2AEEC /* DynamicContentCollectionViewController.h */,
				42EAEADB19C9EBF600C2AEEC /* DynamicContentCollectionViewController.m */,
				42EAEADD19C9EBF600C2AEEC /* Main.storyboard */,
				42EAEAD719C9EBF600C2AEEC /* AppDelegate.h */,
				42EAEAD819C9EBF600C2AEEC /* AppDelegate.m */,
				42EAEAE019C9EBF600C2AEEC /* Images.xcassets */,
				42EAEAE219C9EBF600C2AEEC /* LaunchScreen.xib */,
				42EAEAD319C9EBF600C2AEEC /* Supporting Files */,
				46F017D11C7386500094204D /* SimpleCell.swift */,
				46F017D01C7386500094204D /* SelfSizingCollectionViewCells-Bridging-Header.h */,
				46F017D31C7388650094204D /* HomeTableViewController.swift */,
				46F017DC1C73A9E10094204D /* RandomStringGenerator.h */,
				46F017DD1C73A9E10094204D /* RandomStringGenerator.m */,
				46F017D51C738AE20094204D /* CollectionViewController.swift */,
			);
			path = SelfSizingCollectionViewCells;
			sourceTree = "<group>";
		};
		42EAEAD319C9EBF600C2AEEC /* Supporting Files */ = {
			isa = PBXGroup;
			children = (
				42EAEAD419C9EBF600C2AEEC /* Info.plist */,
				42EAEAD519C9EBF600C2AEEC /* main.m */,
			);
			name = "Supporting Files";
			sourceTree = "<group>";
		};
		42EAEAEC19C9EBF600C2AEEC /* SelfSizingCollectionViewCellsTests */ = {
			isa = PBXGroup;
			children = (
				42EAEAEF19C9EBF600C2AEEC /* SelfSizingCollectionViewCellsTests.m */,
				42EAEAED19C9EBF600C2AEEC /* Supporting Files */,
			);
			path = SelfSizingCollectionViewCellsTests;
			sourceTree = "<group>";
		};
		42EAEAED19C9EBF600C2AEEC /* Supporting Files */ = {
			isa = PBXGroup;
			children = (
				42EAEAEE19C9EBF600C2AEEC /* Info.plist */,
			);
			name = "Supporting Files";
			sourceTree = "<group>";
		};
/* End PBXGroup section */

/* Begin PBXNativeTarget section */
		42EAEACF19C9EBF600C2AEEC /* SelfSizingCollectionViewCells */ = {
			isa = PBXNativeTarget;
			buildConfigurationList = 42EAEAF319C9EBF600C2AEEC /* Build configuration list for PBXNativeTarget "SelfSizingCollectionViewCells" */;
			buildPhases = (
				42EAEACC19C9EBF600C2AEEC /* Sources */,
				42EAEACD19C9EBF600C2AEEC /* Frameworks */,
				42EAEACE19C9EBF600C2AEEC /* Resources */,
			);
			buildRules = (
			);
			dependencies = (
			);
			name = SelfSizingCollectionViewCells;
			productName = SelfSizingCollectionViewCells;
			productReference = 42EAEAD019C9EBF600C2AEEC /* SelfSizingCollectionViewCells.app */;
			productType = "com.apple.product-type.application";
		};
		42EAEAE819C9EBF600C2AEEC /* SelfSizingCollectionViewCellsTests */ = {
			isa = PBXNativeTarget;
			buildConfigurationList = 42EAEAF619C9EBF600C2AEEC /* Build configuration list for PBXNativeTarget "SelfSizingCollectionViewCellsTests" */;
			buildPhases = (
				42EAEAE519C9EBF600C2AEEC /* Sources */,
				42EAEAE619C9EBF600C2AEEC /* Frameworks */,
				42EAEAE719C9EBF600C2AEEC /* Resources */,
			);
			buildRules = (
			);
			dependencies = (
				42EAEAEB19C9EBF600C2AEEC /* PBXTargetDependency */,
			);
			name = SelfSizingCollectionViewCellsTests;
			productName = SelfSizingCollectionViewCellsTests;
			productReference = 42EAEAE919C9EBF600C2AEEC /* SelfSizingCollectionViewCellsTests.xctest */;
			productType = "com.apple.product-type.bundle.unit-test";
		};
/* End PBXNativeTarget section */

/* Begin PBXProject section */
		42EAEAC819C9EBF600C2AEEC /* Project object */ = {
			isa = PBXProject;
			attributes = {
				LastSwiftUpdateCheck = 0720;
				LastUpgradeCheck = 0820;
				ORGANIZATIONNAME = Afrozaar;
				TargetAttributes = {
					42EAEACF19C9EBF600C2AEEC = {
						CreatedOnToolsVersion = 6.0;
						LastSwiftMigration = 0820;
					};
					42EAEAE819C9EBF600C2AEEC = {
						CreatedOnToolsVersion = 6.0;
						TestTargetID = 42EAEACF19C9EBF600C2AEEC;
					};
				};
			};
			buildConfigurationList = 42EAEACB19C9EBF600C2AEEC /* Build configuration list for PBXProject "SelfSizingCollectionViewCells" */;
			compatibilityVersion = "Xcode 3.2";
			developmentRegion = English;
			hasScannedForEncodings = 0;
			knownRegions = (
				en,
				Base,
			);
			mainGroup = 42EAEAC719C9EBF600C2AEEC;
			productRefGroup = 42EAEAD119C9EBF600C2AEEC /* Products */;
			projectDirPath = "";
			projectRoot = "";
			targets = (
				42EAEACF19C9EBF600C2AEEC /* SelfSizingCollectionViewCells */,
				42EAEAE819C9EBF600C2AEEC /* SelfSizingCollectionViewCellsTests */,
			);
		};
/* End PBXProject section */

/* Begin PBXResourcesBuildPhase section */
		42EAEACE19C9EBF600C2AEEC /* Resources */ = {
			isa = PBXResourcesBuildPhase;
			buildActionMask = 2147483647;
			files = (
				42EAEADF19C9EBF600C2AEEC /* Main.storyboard in Resources */,
				42EAEAE419C9EBF600C2AEEC /* LaunchScreen.xib in Resources */,
				42EAEAE119C9EBF600C2AEEC /* Images.xcassets in Resources */,
			);
			runOnlyForDeploymentPostprocessing = 0;
		};
		42EAEAE719C9EBF600C2AEEC /* Resources */ = {
			isa = PBXResourcesBuildPhase;
			buildActionMask = 2147483647;
			files = (
			);
			runOnlyForDeploymentPostprocessing = 0;
		};
/* End PBXResourcesBuildPhase section */

/* Begin PBXSourcesBuildPhase section */
		42EAEACC19C9EBF600C2AEEC /* Sources */ = {
			isa = PBXSourcesBuildPhase;
			buildActionMask = 2147483647;
			files = (
				46F017D41C7388650094204D /* HomeTableViewController.swift in Sources */,
				46F017DE1C73A9E10094204D /* RandomStringGenerator.m in Sources */,
				42EAEAFE19C9F96A00C2AEEC /* CollectionViewCell.m in Sources */,
				42EAEADC19C9EBF600C2AEEC /* DynamicContentCollectionViewController.m in Sources */,
				42EAEAD919C9EBF600C2AEEC /* AppDelegate.m in Sources */,
				46F017D61C738AE20094204D /* CollectionViewController.swift in Sources */,
				42EAEAD619C9EBF600C2AEEC /* main.m in Sources */,
				46F017D21C7386500094204D /* SimpleCell.swift in Sources */,
			);
			runOnlyForDeploymentPostprocessing = 0;
		};
		42EAEAE519C9EBF600C2AEEC /* Sources */ = {
			isa = PBXSourcesBuildPhase;
			buildActionMask = 2147483647;
			files = (
				42EAEAF019C9EBF600C2AEEC /* SelfSizingCollectionViewCellsTests.m in Sources */,
			);
			runOnlyForDeploymentPostprocessing = 0;
		};
/* End PBXSourcesBuildPhase section */

/* Begin PBXTargetDependency section */
		42EAEAEB19C9EBF600C2AEEC /* PBXTargetDependency */ = {
			isa = PBXTargetDependency;
			target = 42EAEACF19C9EBF600C2AEEC /* SelfSizingCollectionViewCells */;
			targetProxy = 42EAEAEA19C9EBF600C2AEEC /* PBXContainerItemProxy */;
		};
/* End PBXTargetDependency section */

/* Begin PBXVariantGroup section */
		42EAEADD19C9EBF600C2AEEC /* Main.storyboard */ = {
			isa = PBXVariantGroup;
			children = (
				42EAEADE19C9EBF600C2AEEC /* Base */,
			);
			name = Main.storyboard;
			sourceTree = "<group>";
		};
		42EAEAE219C9EBF600C2AEEC /* LaunchScreen.xib */ = {
			isa = PBXVariantGroup;
			children = (
				42EAEAE319C9EBF600C2AEEC /* Base */,
			);
			name = LaunchScreen.xib;
			sourceTree = "<group>";
		};
/* End PBXVariantGroup section */

/* Begin XCBuildConfiguration section */
		42EAEAF119C9EBF600C2AEEC /* Debug */ = {
			isa = XCBuildConfiguration;
			buildSettings = {
				ALWAYS_SEARCH_USER_PATHS = NO;
				CLANG_CXX_LANGUAGE_STANDARD = "gnu++0x";
				CLANG_CXX_LIBRARY = "libc++";
				CLANG_ENABLE_MODULES = YES;
				CLANG_ENABLE_OBJC_ARC = YES;
				CLANG_WARN_BOOL_CONVERSION = YES;
				CLANG_WARN_CONSTANT_CONVERSION = YES;
				CLANG_WARN_DIRECT_OBJC_ISA_USAGE = YES_ERROR;
				CLANG_WARN_EMPTY_BODY = YES;
				CLANG_WARN_ENUM_CONVERSION = YES;
				CLANG_WARN_INFINITE_RECURSION = YES;
				CLANG_WARN_INT_CONVERSION = YES;
				CLANG_WARN_OBJC_ROOT_CLASS = YES_ERROR;
				CLANG_WARN_SUSPICIOUS_MOVE = YES;
				CLANG_WARN_UNREACHABLE_CODE = YES;
				CLANG_WARN__DUPLICATE_METHOD_MATCH = YES;
				"CODE_SIGN_IDENTITY[sdk=iphoneos*]" = "iPhone Developer";
				COPY_PHASE_STRIP = NO;
				ENABLE_STRICT_OBJC_MSGSEND = YES;
				ENABLE_TESTABILITY = YES;
				GCC_C_LANGUAGE_STANDARD = gnu99;
				GCC_DYNAMIC_NO_PIC = NO;
				GCC_NO_COMMON_BLOCKS = YES;
				GCC_OPTIMIZATION_LEVEL = 0;
				GCC_PREPROCESSOR_DEFINITIONS = (
					"DEBUG=1",
					"$(inherited)",
				);
				GCC_SYMBOLS_PRIVATE_EXTERN = NO;
				GCC_WARN_64_TO_32_BIT_CONVERSION = YES;
				GCC_WARN_ABOUT_RETURN_TYPE = YES_ERROR;
				GCC_WARN_UNDECLARED_SELECTOR = YES;
				GCC_WARN_UNINITIALIZED_AUTOS = YES_AGGRESSIVE;
				GCC_WARN_UNUSED_FUNCTION = YES;
				GCC_WARN_UNUSED_VARIABLE = YES;
				IPHONEOS_DEPLOYMENT_TARGET = 8.0;
				MTL_ENABLE_DEBUG_INFO = YES;
				ONLY_ACTIVE_ARCH = YES;
				SDKROOT = iphoneos;
			};
			name = Debug;
		};
		42EAEAF219C9EBF600C2AEEC /* Release */ = {
			isa = XCBuildConfiguration;
			buildSettings = {
				ALWAYS_SEARCH_USER_PATHS = NO;
				CLANG_CXX_LANGUAGE_STANDARD = "gnu++0x";
				CLANG_CXX_LIBRARY = "libc++";
				CLANG_ENABLE_MODULES = YES;
				CLANG_ENABLE_OBJC_ARC = YES;
				CLANG_WARN_BOOL_CONVERSION = YES;
				CLANG_WARN_CONSTANT_CONVERSION = YES;
				CLANG_WARN_DIRECT_OBJC_ISA_USAGE = YES_ERROR;
				CLANG_WARN_EMPTY_BODY = YES;
				CLANG_WARN_ENUM_CONVERSION = YES;
				CLANG_WARN_INFINITE_RECURSION = YES;
				CLANG_WARN_INT_CONVERSION = YES;
				CLANG_WARN_OBJC_ROOT_CLASS = YES_ERROR;
				CLANG_WARN_SUSPICIOUS_MOVE = YES;
				CLANG_WARN_UNREACHABLE_CODE = YES;
				CLANG_WARN__DUPLICATE_METHOD_MATCH = YES;
				"CODE_SIGN_IDENTITY[sdk=iphoneos*]" = "iPhone Developer";
				COPY_PHASE_STRIP = YES;
				ENABLE_NS_ASSERTIONS = NO;
				ENABLE_STRICT_OBJC_MSGSEND = YES;
				GCC_C_LANGUAGE_STANDARD = gnu99;
				GCC_NO_COMMON_BLOCKS = YES;
				GCC_WARN_64_TO_32_BIT_CONVERSION = YES;
				GCC_WARN_ABOUT_RETURN_TYPE = YES_ERROR;
				GCC_WARN_UNDECLARED_SELECTOR = YES;
				GCC_WARN_UNINITIALIZED_AUTOS = YES_AGGRESSIVE;
				GCC_WARN_UNUSED_FUNCTION = YES;
				GCC_WARN_UNUSED_VARIABLE = YES;
				IPHONEOS_DEPLOYMENT_TARGET = 8.0;
				MTL_ENABLE_DEBUG_INFO = NO;
				SDKROOT = iphoneos;
				SWIFT_OPTIMIZATION_LEVEL = "-Owholemodule";
				VALIDATE_PRODUCT = YES;
			};
			name = Release;
		};
		42EAEAF419C9EBF600C2AEEC /* Debug */ = {
			isa = XCBuildConfiguration;
			buildSettings = {
				ASSETCATALOG_COMPILER_APPICON_NAME = AppIcon;
				CLANG_ENABLE_MODULES = YES;
				INFOPLIST_FILE = SelfSizingCollectionViewCells/Info.plist;
				LD_RUNPATH_SEARCH_PATHS = "$(inherited) @executable_path/Frameworks";
				PRODUCT_BUNDLE_IDENTIFIER = "com.danielgalasko.$(PRODUCT_NAME:rfc1034identifier)";
				PRODUCT_NAME = "$(TARGET_NAME)";
				SWIFT_OBJC_BRIDGING_HEADER = "SelfSizingCollectionViewCells/SelfSizingCollectionViewCells-Bridging-Header.h";
				SWIFT_OPTIMIZATION_LEVEL = "-Onone";
				SWIFT_VERSION = 3.0;
				TARGETED_DEVICE_FAMILY = "1,2";
			};
			name = Debug;
		};
		42EAEAF519C9EBF600C2AEEC /* Release */ = {
			isa = XCBuildConfiguration;
			buildSettings = {
				ASSETCATALOG_COMPILER_APPICON_NAME = AppIcon;
				CLANG_ENABLE_MODULES = YES;
				INFOPLIST_FILE = SelfSizingCollectionViewCells/Info.plist;
				LD_RUNPATH_SEARCH_PATHS = "$(inherited) @executable_path/Frameworks";
				PRODUCT_BUNDLE_IDENTIFIER = "com.danielgalasko.$(PRODUCT_NAME:rfc1034identifier)";
				PRODUCT_NAME = "$(TARGET_NAME)";
				SWIFT_OBJC_BRIDGING_HEADER = "SelfSizingCollectionViewCells/SelfSizingCollectionViewCells-Bridging-Header.h";
				SWIFT_VERSION = 3.0;
				TARGETED_DEVICE_FAMILY = "1,2";
			};
			name = Release;
		};
		42EAEAF719C9EBF600C2AEEC /* Debug */ = {
			isa = XCBuildConfiguration;
			buildSettings = {
				BUNDLE_LOADER = "$(TEST_HOST)";
				FRAMEWORK_SEARCH_PATHS = (
					"$(SDKROOT)/Developer/Library/Frameworks",
					"$(inherited)",
				);
				GCC_PREPROCESSOR_DEFINITIONS = (
					"DEBUG=1",
					"$(inherited)",
				);
				INFOPLIST_FILE = SelfSizingCollectionViewCellsTests/Info.plist;
				LD_RUNPATH_SEARCH_PATHS = "$(inherited) @executable_path/Frameworks @loader_path/Frameworks";
				PRODUCT_BUNDLE_IDENTIFIER = "com.galasko.$(PRODUCT_NAME:rfc1034identifier)";
				PRODUCT_NAME = "$(TARGET_NAME)";
				TEST_HOST = "$(BUILT_PRODUCTS_DIR)/SelfSizingCollectionViewCells.app/SelfSizingCollectionViewCells";
			};
			name = Debug;
		};
		42EAEAF819C9EBF600C2AEEC /* Release */ = {
			isa = XCBuildConfiguration;
			buildSettings = {
				BUNDLE_LOADER = "$(TEST_HOST)";
				FRAMEWORK_SEARCH_PATHS = (
					"$(SDKROOT)/Developer/Library/Frameworks",
					"$(inherited)",
				);
				INFOPLIST_FILE = SelfSizingCollectionViewCellsTests/Info.plist;
				LD_RUNPATH_SEARCH_PATHS = "$(inherited) @executable_path/Frameworks @loader_path/Frameworks";
				PRODUCT_BUNDLE_IDENTIFIER = "com.galasko.$(PRODUCT_NAME:rfc1034identifier)";
				PRODUCT_NAME = "$(TARGET_NAME)";
				TEST_HOST = "$(BUILT_PRODUCTS_DIR)/SelfSizingCollectionViewCells.app/SelfSizingCollectionViewCells";
			};
			name = Release;
		};
/* End XCBuildConfiguration section */

/* Begin XCConfigurationList section */
		42EAEACB19C9EBF600C2AEEC /* Build configuration list for PBXProject "SelfSizingCollectionViewCells" */ = {
			isa = XCConfigurationList;
			buildConfigurations = (
				42EAEAF119C9EBF600C2AEEC /* Debug */,
				42EAEAF219C9EBF600C2AEEC /* Release */,
			);
			defaultConfigurationIsVisible = 0;
			defaultConfigurationName = Release;
		};
		42EAEAF319C9EBF600C2AEEC /* Build configuration list for PBXNativeTarget "SelfSizingCollectionViewCells" */ = {
			isa = XCConfigurationList;
			buildConfigurations = (
				42EAEAF419C9EBF600C2AEEC /* Debug */,
				42EAEAF519C9EBF600C2AEEC /* Release */,
			);
			defaultConfigurationIsVisible = 0;
			defaultConfigurationName = Release;
		};
		42EAEAF619C9EBF600C2AEEC /* Build configuration list for PBXNativeTarget "SelfSizingCollectionViewCellsTests" */ = {
			isa = XCConfigurationList;
			buildConfigurations = (
				42EAEAF719C9EBF600C2AEEC /* Debug */,
				42EAEAF819C9EBF600C2AEEC /* Release */,
			);
			defaultConfigurationIsVisible = 0;
			defaultConfigurationName = Release;
		};
/* End XCConfigurationList section */
	};
	rootObject = 42EAEAC819C9EBF600C2AEEC /* Project object */;
}
